
Microsoft Visual Studio Solution File, Format Version 12.00
# Visual Studio Version 16
VisualStudioVersion = 16.0.31410.357
MinimumVisualStudioVersion = 10.0.40219.1
Project("{FAE04EC0-301F-11D3-BF4B-00C04F79EFBC}") = "IdentityApi", "IdentityApi\IdentityApi.csproj", "{E46A5D96-157E-462D-9E49-4EE32EBDE01E}"
EndProject
Global
	GlobalSection(SolutionConfigurationPlatforms) = preSolution
		Debug|Any CPU = Debug|Any CPU
		Release|Any CPU = Release|Any CPU
	EndGlobalSection
	GlobalSection(ProjectConfigurationPlatforms) = postSolution
		{E46A5D96-157E-462D-9E49-4EE32EBDE01E}.Debug|Any CPU.ActiveCfg = Debug|Any CPU
		{E46A5D96-157E-462D-9E49-4EE32EBDE01E}.Debug|Any CPU.Build.0 = Debug|Any CPU
		{E46A5D96-157E-462D-9E49-4EE32EBDE01E}.Release|Any CPU.ActiveCfg = Release|Any CPU
		{E46A5D96-157E-462D-9E49-4EE32EBDE01E}.Release|Any CPU.Build.0 = Release|Any CPU
	EndGlobalSection
	GlobalSection(SolutionProperties) = preSolution
		HideSolutionNode = FALSE
	EndGlobalSection
	GlobalSection(ExtensibilityGlobals) = postSolution
		SolutionGuid = {CDFC6393-E905-4C5F-A8AC-B798638CBCA2}
	EndGlobalSection
EndGlobal
